// !$*UTF8*$!
{
	archiveVersion = 1;
	classes = {
	};
	objectVersion = 51;
	objects = {

/* Begin PBXBuildFile section */
		916384AC2499D53000DAB03B /* AppDelegate.swift in Sources */ = {isa = PBXBuildFile; fileRef = 916384AB2499D53000DAB03B /* AppDelegate.swift */; };
		916384AE2499D53000DAB03B /* SceneDelegate.swift in Sources */ = {isa = PBXBuildFile; fileRef = 916384AD2499D53000DAB03B /* SceneDelegate.swift */; };
		916384B02499D53000DAB03B /* ViewController.swift in Sources */ = {isa = PBXBuildFile; fileRef = 916384AF2499D53000DAB03B /* ViewController.swift */; };
		916384B32499D53000DAB03B /* Main.storyboard in Resources */ = {isa = PBXBuildFile; fileRef = 916384B12499D53000DAB03B /* Main.storyboard */; };
		916384B52499D53300DAB03B /* Assets.xcassets in Resources */ = {isa = PBXBuildFile; fileRef = 916384B42499D53300DAB03B /* Assets.xcassets */; };
		916384B82499D53300DAB03B /* LaunchScreen.storyboard in Resources */ = {isa = PBXBuildFile; fileRef = 916384B62499D53300DAB03B /* LaunchScreen.storyboard */; };
		916384C02499D54900DAB03B /* FlowerClassifier.mlmodel in Sources */ = {isa = PBXBuildFile; fileRef = 916384BF2499D54900DAB03B /* FlowerClassifier.mlmodel */; };
		F5644FFFC77ECBB914DB1B64 /* Pods_WhatFlower.framework in Frameworks */ = {isa = PBXBuildFile; fileRef = 7CB6F03876749FC982675AB9 /* Pods_WhatFlower.framework */; };
/* End PBXBuildFile section */

/* Begin PBXFileReference section */
		26885D377DCD7B30A9A66463 /* Pods-WhatFlower.debug.xcconfig */ = {isa = PBXFileReference; includeInIndex = 1; lastKnownFileType = text.xcconfig; name = "Pods-WhatFlower.debug.xcconfig"; path = "Target Support Files/Pods-WhatFlower/Pods-WhatFlower.debug.xcconfig"; sourceTree = "<group>"; };
		3722705E5586E98689DDF7D1 /* Pods-WhatFlower.release.xcconfig */ = {isa = PBXFileReference; includeInIndex = 1; lastKnownFileType = text.xcconfig; name = "Pods-WhatFlower.release.xcconfig"; path = "Target Support Files/Pods-WhatFlower/Pods-WhatFlower.release.xcconfig"; sourceTree = "<group>"; };
		7CB6F03876749FC982675AB9 /* Pods_WhatFlower.framework */ = {isa = PBXFileReference; explicitFileType = wrapper.framework; includeInIndex = 0; path = Pods_WhatFlower.framework; sourceTree = BUILT_PRODUCTS_DIR; };
		916384A82499D53000DAB03B /* WhatFlower.app */ = {isa = PBXFileReference; explicitFileType = wrapper.application; includeInIndex = 0; path = WhatFlower.app; sourceTree = BUILT_PRODUCTS_DIR; };
		916384AB2499D53000DAB03B /* AppDelegate.swift */ = {isa = PBXFileReference; lastKnownFileType = sourcecode.swift; path = AppDelegate.swift; sourceTree = "<group>"; };
		916384AD2499D53000DAB03B /* SceneDelegate.swift */ = {isa = PBXFileReference; lastKnownFileType = sourcecode.swift; path = SceneDelegate.swift; sourceTree = "<group>"; };
		916384AF2499D53000DAB03B /* ViewController.swift */ = {isa = PBXFileReference; lastKnownFileType = sourcecode.swift; path = ViewController.swift; sourceTree = "<group>"; };
		916384B22499D53000DAB03B /* Base */ = {isa = PBXFileReference; lastKnownFileType = file.storyboard; name = Base; path = Base.lproj/Main.storyboard; sourceTree = "<group>"; };
		916384B42499D53300DAB03B /* Assets.xcassets */ = {isa = PBXFileReference; lastKnownFileType = folder.assetcatalog; path = Assets.xcassets; sourceTree = "<group>"; };
		916384B72499D53300DAB03B /* Base */ = {isa = PBXFileReference; lastKnownFileType = file.storyboard; name = Base; path = Base.lproj/LaunchScreen.storyboard; sourceTree = "<group>"; };
		916384B92499D53300DAB03B /* Info.plist */ = {isa = PBXFileReference; lastKnownFileType = text.plist.xml; path = Info.plist; sourceTree = "<group>"; };
		916384BF2499D54900DAB03B /* FlowerClassifier.mlmodel */ = {isa = PBXFileReference; lastKnownFileType = file.mlmodel; path = FlowerClassifier.mlmodel; sourceTree = "<group>"; };
/* End PBXFileReference section */

/* Begin PBXFrameworksBuildPhase section */
		916384A52499D53000DAB03B /* Frameworks */ = {
			isa = PBXFrameworksBuildPhase;
			buildActionMask = 2147483647;
			files = (
				F5644FFFC77ECBB914DB1B64 /* Pods_WhatFlower.framework in Frameworks */,
			);
			runOnlyForDeploymentPostprocessing = 0;
		};
/* End PBXFrameworksBuildPhase section */

/* Begin PBXGroup section */
		3E9A0AD06AE217C6E2D4539F /* Frameworks */ = {
			isa = PBXGroup;
			children = (
				7CB6F03876749FC982675AB9 /* Pods_WhatFlower.framework */,
			);
			name = Frameworks;
			sourceTree = "<group>";
		};
		6DF78F91AFF50DC3C31E8CE8 /* Pods */ = {
			isa = PBXGroup;
			children = (
				26885D377DCD7B30A9A66463 /* Pods-WhatFlower.debug.xcconfig */,
				3722705E5586E98689DDF7D1 /* Pods-WhatFlower.release.xcconfig */,
			);
			path = Pods;
			sourceTree = "<group>";
		};
		9163849F2499D53000DAB03B = {
			isa = PBXGroup;
			children = (
				916384AA2499D53000DAB03B /* WhatFlower */,
				916384A92499D53000DAB03B /* Products */,
				6DF78F91AFF50DC3C31E8CE8 /* Pods */,
				3E9A0AD06AE217C6E2D4539F /* Frameworks */,
			);
			sourceTree = "<group>";
		};
		916384A92499D53000DAB03B /* Products */ = {
			isa = PBXGroup;
			children = (
				916384A82499D53000DAB03B /* WhatFlower.app */,
			);
			name = Products;
			sourceTree = "<group>";
		};
		916384AA2499D53000DAB03B /* WhatFlower */ = {
			isa = PBXGroup;
			children = (
				916384AB2499D53000DAB03B /* AppDelegate.swift */,
				916384AD2499D53000DAB03B /* SceneDelegate.swift */,
				9164A565249B7F2500F9812B /* Model */,
				9164A562249B7EDF00F9812B /* Controllers */,
				9164A563249B7F0600F9812B /* Views */,
				9164A564249B7F1500F9812B /* Support_files */,
				916384B92499D53300DAB03B /* Info.plist */,
			);
			path = WhatFlower;
			sourceTree = "<group>";
		};
		9164A562249B7EDF00F9812B /* Controllers */ = {
			isa = PBXGroup;
			children = (
				916384AF2499D53000DAB03B /* ViewController.swift */,
			);
			path = Controllers;
			sourceTree = "<group>";
		};
		9164A563249B7F0600F9812B /* Views */ = {
			isa = PBXGroup;
			children = (
				916384B12499D53000DAB03B /* Main.storyboard */,
			);
			path = Views;
			sourceTree = "<group>";
		};
		9164A564249B7F1500F9812B /* Support_files */ = {
			isa = PBXGroup;
			children = (
				916384B42499D53300DAB03B /* Assets.xcassets */,
				916384B62499D53300DAB03B /* LaunchScreen.storyboard */,
				916384BF2499D54900DAB03B /* FlowerClassifier.mlmodel */,
			);
			path = Support_files;
			sourceTree = "<group>";
		};
		9164A565249B7F2500F9812B /* Model */ = {
			isa = PBXGroup;
			children = (
			);
			path = Model;
			sourceTree = "<group>";
		};
/* End PBXGroup section */

/* Begin PBXNativeTarget section */
		916384A72499D53000DAB03B /* WhatFlower */ = {
			isa = PBXNativeTarget;
			buildConfigurationList = 916384BC2499D53300DAB03B /* Build configuration list for PBXNativeTarget "WhatFlower" */;
			buildPhases = (
				ED7E3E33EAE98D16374228D8 /* [CP] Check Pods Manifest.lock */,
				916384A42499D53000DAB03B /* Sources */,
				916384A52499D53000DAB03B /* Frameworks */,
				916384A62499D53000DAB03B /* Resources */,
				0324E981A69F65A05CC8F7B8 /* [CP] Embed Pods Frameworks */,
			);
			buildRules = (
			);
			dependencies = (
			);
			name = WhatFlower;
			productName = WhatFlower;
			productReference = 916384A82499D53000DAB03B /* WhatFlower.app */;
			productType = "com.apple.product-type.application";
		};
/* End PBXNativeTarget section */

/* Begin PBXProject section */
		916384A02499D53000DAB03B /* Project object */ = {
			isa = PBXProject;
			attributes = {
				LastSwiftUpdateCheck = 1150;
				LastUpgradeCheck = 1150;
				ORGANIZATIONNAME = "Mathieu Delehaye";
				TargetAttributes = {
					916384A72499D53000DAB03B = {
						CreatedOnToolsVersion = 11.5;
					};
				};
			};
			buildConfigurationList = 916384A32499D53000DAB03B /* Build configuration list for PBXProject "WhatFlower" */;
			compatibilityVersion = "Xcode 9.3";
			developmentRegion = en;
			hasScannedForEncodings = 0;
			knownRegions = (
				en,
				Base,
			);
			mainGroup = 9163849F2499D53000DAB03B;
			productRefGroup = 916384A92499D53000DAB03B /* Products */;
			projectDirPath = "";
			projectRoot = "";
			targets = (
				916384A72499D53000DAB03B /* WhatFlower */,
			);
		};
/* End PBXProject section */

/* Begin PBXResourcesBuildPhase section */
		916384A62499D53000DAB03B /* Resources */ = {
			isa = PBXResourcesBuildPhase;
			buildActionMask = 2147483647;
			files = (
				916384B82499D53300DAB03B /* LaunchScreen.storyboard in Resources */,
				916384B52499D53300DAB03B /* Assets.xcassets in Resources */,
				916384B32499D53000DAB03B /* Main.storyboard in Resources */,
			);
			runOnlyForDeploymentPostprocessing = 0;
		};
/* End PBXResourcesBuildPhase section */

/* Begin PBXShellScriptBuildPhase section */
		0324E981A69F65A05CC8F7B8 /* [CP] Embed Pods Frameworks */ = {
			isa = PBXShellScriptBuildPhase;
			buildActionMask = 2147483647;
			files = (
			);
			inputFileListPaths = (
				"${PODS_ROOT}/Target Support Files/Pods-WhatFlower/Pods-WhatFlower-frameworks-${CONFIGURATION}-input-files.xcfilelist",
			);
			name = "[CP] Embed Pods Frameworks";
			outputFileListPaths = (
				"${PODS_ROOT}/Target Support Files/Pods-WhatFlower/Pods-WhatFlower-frameworks-${CONFIGURATION}-output-files.xcfilelist",
			);
			runOnlyForDeploymentPostprocessing = 0;
			shellPath = /bin/sh;
			shellScript = "\"${PODS_ROOT}/Target Support Files/Pods-WhatFlower/Pods-WhatFlower-frameworks.sh\"\n";
			showEnvVarsInLog = 0;
		};
		ED7E3E33EAE98D16374228D8 /* [CP] Check Pods Manifest.lock */ = {
			isa = PBXShellScriptBuildPhase;
			buildActionMask = 2147483647;
			files = (
			);
			inputFileListPaths = (
			);
			inputPaths = (
				"${PODS_PODFILE_DIR_PATH}/Podfile.lock",
				"${PODS_ROOT}/Manifest.lock",
			);
			name = "[CP] Check Pods Manifest.lock";
			outputFileListPaths = (
			);
			outputPaths = (
				"$(DERIVED_FILE_DIR)/Pods-WhatFlower-checkManifestLockResult.txt",
			);
			runOnlyForDeploymentPostprocessing = 0;
			shellPath = /bin/sh;
			shellScript = "diff \"${PODS_PODFILE_DIR_PATH}/Podfile.lock\" \"${PODS_ROOT}/Manifest.lock\" > /dev/null\nif [ $? != 0 ] ; then\n    # print error to STDERR\n    echo \"error: The sandbox is not in sync with the Podfile.lock. Run 'pod install' or update your CocoaPods installation.\" >&2\n    exit 1\nfi\n# This output is used by Xcode 'outputs' to avoid re-running this script phase.\necho \"SUCCESS\" > \"${SCRIPT_OUTPUT_FILE_0}\"\n";
			showEnvVarsInLog = 0;
		};
/* End PBXShellScriptBuildPhase section */

/* Begin PBXSourcesBuildPhase section */
		916384A42499D53000DAB03B /* Sources */ = {
			isa = PBXSourcesBuildPhase;
			buildActionMask = 2147483647;
			files = (
				916384C02499D54900DAB03B /* FlowerClassifier.mlmodel in Sources */,
				916384B02499D53000DAB03B /* ViewController.swift in Sources */,
				916384AC2499D53000DAB03B /* AppDelegate.swift in Sources */,
				916384AE2499D53000DAB03B /* SceneDelegate.swift in Sources */,
			);
			runOnlyForDeploymentPostprocessing = 0;
		};
/* End PBXSourcesBuildPhase section */

/* Begin PBXVariantGroup section */
		916384B12499D53000DAB03B /* Main.storyboard */ = {
			isa = PBXVariantGroup;
			children = (
				916384B22499D53000DAB03B /* Base */,
			);
			name = Main.storyboard;
			sourceTree = "<group>";
		};
		916384B62499D53300DAB03B /* LaunchScreen.storyboard */ = {
			isa = PBXVariantGroup;
			children = (
				916384B72499D53300DAB03B /* Base */,
			);
			name = LaunchScreen.storyboard;
			sourceTree = "<group>";
		};
/* End PBXVariantGroup section */

/* Begin XCBuildConfiguration section */
		916384BA2499D53300DAB03B /* Debug */ = {
			isa = XCBuildConfiguration;
			buildSettings = {
				ALWAYS_SEARCH_USER_PATHS = NO;
				CLANG_ANALYZER_NONNULL = YES;
				CLANG_ANALYZER_NUMBER_OBJECT_CONVERSION = YES_AGGRESSIVE;
				CLANG_CXX_LANGUAGE_STANDARD = "gnu++14";
				CLANG_CXX_LIBRARY = "libc++";
				CLANG_ENABLE_MODULES = YES;
				CLANG_ENABLE_OBJC_ARC = YES;
				CLANG_ENABLE_OBJC_WEAK = YES;
				CLANG_WARN_BLOCK_CAPTURE_AUTORELEASING = YES;
				CLANG_WARN_BOOL_CONVERSION = YES;
				CLANG_WARN_COMMA = YES;
				CLANG_WARN_CONSTANT_CONVERSION = YES;
				CLANG_WARN_DEPRECATED_OBJC_IMPLEMENTATIONS = YES;
				CLANG_WARN_DIRECT_OBJC_ISA_USAGE = YES_ERROR;
				CLANG_WARN_DOCUMENTATION_COMMENTS = YES;
				CLANG_WARN_EMPTY_BODY = YES;
				CLANG_WARN_ENUM_CONVERSION = YES;
				CLANG_WARN_INFINITE_RECURSION = YES;
				CLANG_WARN_INT_CONVERSION = YES;
				CLANG_WARN_NON_LITERAL_NULL_CONVERSION = YES;
				CLANG_WARN_OBJC_IMPLICIT_RETAIN_SELF = YES;
				CLANG_WARN_OBJC_LITERAL_CONVERSION = YES;
				CLANG_WARN_OBJC_ROOT_CLASS = YES_ERROR;
				CLANG_WARN_RANGE_LOOP_ANALYSIS = YES;
				CLANG_WARN_STRICT_PROTOTYPES = YES;
				CLANG_WARN_SUSPICIOUS_MOVE = YES;
				CLANG_WARN_UNGUARDED_AVAILABILITY = YES_AGGRESSIVE;
				CLANG_WARN_UNREACHABLE_CODE = YES;
				CLANG_WARN__DUPLICATE_METHOD_MATCH = YES;
				COPY_PHASE_STRIP = NO;
				DEBUG_INFORMATION_FORMAT = dwarf;
				ENABLE_STRICT_OBJC_MSGSEND = YES;
				ENABLE_TESTABILITY = YES;
				GCC_C_LANGUAGE_STANDARD = gnu11;
				GCC_DYNAMIC_NO_PIC = NO;
				GCC_NO_COMMON_BLOCKS = YES;
				GCC_OPTIMIZATION_LEVEL = 0;
				GCC_PREPROCESSOR_DEFINITIONS = (
					"DEBUG=1",
					"$(inherited)",
				);
				GCC_WARN_64_TO_32_BIT_CONVERSION = YES;
				GCC_WARN_ABOUT_RETURN_TYPE = YES_ERROR;
				GCC_WARN_UNDECLARED_SELECTOR = YES;
				GCC_WARN_UNINITIALIZED_AUTOS = YES_AGGRESSIVE;
				GCC_WARN_UNUSED_FUNCTION = YES;
				GCC_WARN_UNUSED_VARIABLE = YES;
				IPHONEOS_DEPLOYMENT_TARGET = 13.5;
				MTL_ENABLE_DEBUG_INFO = INCLUDE_SOURCE;
				MTL_FAST_MATH = YES;
				ONLY_ACTIVE_ARCH = YES;
				SDKROOT = iphoneos;
				SWIFT_ACTIVE_COMPILATION_CONDITIONS = DEBUG;
				SWIFT_OPTIMIZATION_LEVEL = "-Onone";
			};
			name = Debug;
		};
		916384BB2499D53300DAB03B /* Release */ = {
			isa = XCBuildConfiguration;
			buildSettings = {
				ALWAYS_SEARCH_USER_PATHS = NO;
				CLANG_ANALYZER_NONNULL = YES;
				CLANG_ANALYZER_NUMBER_OBJECT_CONVERSION = YES_AGGRESSIVE;
				CLANG_CXX_LANGUAGE_STANDARD = "gnu++14";
				CLANG_CXX_LIBRARY = "libc++";
				CLANG_ENABLE_MODULES = YES;
				CLANG_ENABLE_OBJC_ARC = YES;
				CLANG_ENABLE_OBJC_WEAK = YES;
				CLANG_WARN_BLOCK_CAPTURE_AUTORELEASING = YES;
				CLANG_WARN_BOOL_CONVERSION = YES;
				CLANG_WARN_COMMA = YES;
				CLANG_WARN_CONSTANT_CONVERSION = YES;
				CLANG_WARN_DEPRECATED_OBJC_IMPLEMENTATIONS = YES;
				CLANG_WARN_DIRECT_OBJC_ISA_USAGE = YES_ERROR;
				CLANG_WARN_DOCUMENTATION_COMMENTS = YES;
				CLANG_WARN_EMPTY_BODY = YES;
				CLANG_WARN_ENUM_CONVERSION = YES;
				CLANG_WARN_INFINITE_RECURSION = YES;
				CLANG_WARN_INT_CONVERSION = YES;
				CLANG_WARN_NON_LITERAL_NULL_CONVERSION = YES;
				CLANG_WARN_OBJC_IMPLICIT_RETAIN_SELF = YES;
				CLANG_WARN_OBJC_LITERAL_CONVERSION = YES;
				CLANG_WARN_OBJC_ROOT_CLASS = YES_ERROR;
				CLANG_WARN_RANGE_LOOP_ANALYSIS = YES;
				CLANG_WARN_STRICT_PROTOTYPES = YES;
				CLANG_WARN_SUSPICIOUS_MOVE = YES;
				CLANG_WARN_UNGUARDED_AVAILABILITY = YES_AGGRESSIVE;
				CLANG_WARN_UNREACHABLE_CODE = YES;
				CLANG_WARN__DUPLICATE_METHOD_MATCH = YES;
				COPY_PHASE_STRIP = NO;
				DEBUG_INFORMATION_FORMAT = "dwarf-with-dsym";
				ENABLE_NS_ASSERTIONS = NO;
				ENABLE_STRICT_OBJC_MSGSEND = YES;
				GCC_C_LANGUAGE_STANDARD = gnu11;
				GCC_NO_COMMON_BLOCKS = YES;
				GCC_WARN_64_TO_32_BIT_CONVERSION = YES;
				GCC_WARN_ABOUT_RETURN_TYPE = YES_ERROR;
				GCC_WARN_UNDECLARED_SELECTOR = YES;
				GCC_WARN_UNINITIALIZED_AUTOS = YES_AGGRESSIVE;
				GCC_WARN_UNUSED_FUNCTION = YES;
				GCC_WARN_UNUSED_VARIABLE = YES;
				IPHONEOS_DEPLOYMENT_TARGET = 13.5;
				MTL_ENABLE_DEBUG_INFO = NO;
				MTL_FAST_MATH = YES;
				SDKROOT = iphoneos;
				SWIFT_COMPILATION_MODE = wholemodule;
				SWIFT_OPTIMIZATION_LEVEL = "-O";
				VALIDATE_PRODUCT = YES;
			};
			name = Release;
		};
		916384BD2499D53300DAB03B /* Debug */ = {
			isa = XCBuildConfiguration;
			baseConfigurationReference = 26885D377DCD7B30A9A66463 /* Pods-WhatFlower.debug.xcconfig */;
			buildSettings = {
				ASSETCATALOG_COMPILER_APPICON_NAME = AppIcon;
				CODE_SIGN_STYLE = Automatic;
				DEVELOPMENT_TEAM = 2ZJ9976S98;
				INFOPLIST_FILE = WhatFlower/Info.plist;
				LD_RUNPATH_SEARCH_PATHS = (
					"$(inherited)",
					"@executable_path/Frameworks",
				);
				PRODUCT_BUNDLE_IDENTIFIER = be.delehaye.WhatFlower;
				PRODUCT_NAME = "$(TARGET_NAME)";
				SWIFT_VERSION = 5.0;
				TARGETED_DEVICE_FAMILY = "1,2";
			};
			name = Debug;
		};
		916384BE2499D53300DAB03B /* Release */ = {
			isa = XCBuildConfiguration;
			baseConfigurationReference = 3722705E5586E98689DDF7D1 /* Pods-WhatFlower.release.xcconfig */;
			buildSettings = {
				ASSETCATALOG_COMPILER_APPICON_NAME = AppIcon;
				CODE_SIGN_STYLE = Automatic;
				DEVELOPMENT_TEAM = 2ZJ9976S98;
				INFOPLIST_FILE = WhatFlower/Info.plist;
				LD_RUNPATH_SEARCH_PATHS = (
					"$(inherited)",
					"@executable_path/Frameworks",
				);
				PRODUCT_BUNDLE_IDENTIFIER = be.delehaye.WhatFlower;
				PRODUCT_NAME = "$(TARGET_NAME)";
				SWIFT_VERSION = 5.0;
				TARGETED_DEVICE_FAMILY = "1,2";
			};
			name = Release;
		};
/* End XCBuildConfiguration section */

/* Begin XCConfigurationList section */
		916384A32499D53000DAB03B /* Build configuration list for PBXProject "WhatFlower" */ = {
			isa = XCConfigurationList;
			buildConfigurations = (
				916384BA2499D53300DAB03B /* Debug */,
				916384BB2499D53300DAB03B /* Release */,
			);
			defaultConfigurationIsVisible = 0;
			defaultConfigurationName = Release;
		};
		916384BC2499D53300DAB03B /* Build configuration list for PBXNativeTarget "WhatFlower" */ = {
			isa = XCConfigurationList;
			buildConfigurations = (
				916384BD2499D53300DAB03B /* Debug */,
				916384BE2499D53300DAB03B /* Release */,
			);
			defaultConfigurationIsVisible = 0;
			defaultConfigurationName = Release;
		};
/* End XCConfigurationList section */
	};
	rootObject = 916384A02499D53000DAB03B /* Project object */;
}
